
Microsoft Visual Studio Solution File, Format Version 12.00
# Visual Studio 15
VisualStudioVersion = 15.0.27703.2026
MinimumVisualStudioVersion = 10.0.40219.1
Project("{FAE04EC0-301F-11D3-BF4B-00C04F79EFBC}") = "SimpleWcpApplication", "SimpleWcpApplication\SimpleWcpApplication.csproj", "{FC9DE7DF-6614-46AD-94A8-386E02C3C263}"
EndProject
Global
	GlobalSection(SolutionConfigurationPlatforms) = preSolution
		Debug|Any CPU = Debug|Any CPU
		Release|Any CPU = Release|Any CPU
	EndGlobalSection
	GlobalSection(ProjectConfigurationPlatforms) = postSolution
		{FC9DE7DF-6614-46AD-94A8-386E02C3C263}.Debug|Any CPU.ActiveCfg = Debug|Any CPU
		{FC9DE7DF-6614-46AD-94A8-386E02C3C263}.Debug|Any CPU.Build.0 = Debug|Any CPU
		{FC9DE7DF-6614-46AD-94A8-386E02C3C263}.Release|Any CPU.ActiveCfg = Release|Any CPU
		{FC9DE7DF-6614-46AD-94A8-386E02C3C263}.Release|Any CPU.Build.0 = Release|Any CPU
	EndGlobalSection
	GlobalSection(SolutionProperties) = preSolution
		HideSolutionNode = FALSE
	EndGlobalSection
	GlobalSection(ExtensibilityGlobals) = postSolution
		SolutionGuid = {A682A4F9-7657-4AA9-9591-B92136E340B7}
	EndGlobalSection
EndGlobal
